
Microsoft Visual Studio Solution File, Format Version 12.00
# Visual Studio 15
VisualStudioVersion = 15.0.28307.1433
MinimumVisualStudioVersion = 10.0.40219.1
Project("{FAE04EC0-301F-11D3-BF4B-00C04F79EFBC}") = "Level Editor", "Level Editor\Level Editor.csproj", "{07F1AECB-AEF2-41EF-8756-0610614F4859}"
EndProject
Global
	GlobalSection(SolutionConfigurationPlatforms) = preSolution
		Debug|Any CPU = Debug|Any CPU
		Release|Any CPU = Release|Any CPU
	EndGlobalSection
	GlobalSection(ProjectConfigurationPlatforms) = postSolution
		{07F1AECB-AEF2-41EF-8756-0610614F4859}.Debug|Any CPU.ActiveCfg = Debug|Any CPU
		{07F1AECB-AEF2-41EF-8756-0610614F4859}.Debug|Any CPU.Build.0 = Debug|Any CPU
		{07F1AECB-AEF2-41EF-8756-0610614F4859}.Release|Any CPU.ActiveCfg = Release|Any CPU
		{07F1AECB-AEF2-41EF-8756-0610614F4859}.Release|Any CPU.Build.0 = Release|Any CPU
	EndGlobalSection
	GlobalSection(SolutionProperties) = preSolution
		HideSolutionNode = FALSE
	EndGlobalSection
	GlobalSection(ExtensibilityGlobals) = postSolution
		SolutionGuid = {F101DE9C-BB2B-4AE7-86ED-74630FB9A0D6}
	EndGlobalSection
EndGlobal
